
Microsoft Visual Studio Solution File, Format Version 12.00
# Visual Studio Version 17
VisualStudioVersion = 17.2.32519.379
MinimumVisualStudioVersion = 10.0.40219.1
Project("{FAE04EC0-301F-11D3-BF4B-00C04F79EFBC}") = "AdventOfCode2021", "AdventOfCode2021.csproj", "{A6BFB0A0-C721-4EE1-8841-4D4689ABA874}"
EndProject
Global
	GlobalSection(SolutionConfigurationPlatforms) = preSolution
		Debug|Any CPU = Debug|Any CPU
		Release|Any CPU = Release|Any CPU
	EndGlobalSection
	GlobalSection(ProjectConfigurationPlatforms) = postSolution
		{A6BFB0A0-C721-4EE1-8841-4D4689ABA874}.Debug|Any CPU.ActiveCfg = Debug|Any CPU
		{A6BFB0A0-C721-4EE1-8841-4D4689ABA874}.Debug|Any CPU.Build.0 = Debug|Any CPU
		{A6BFB0A0-C721-4EE1-8841-4D4689ABA874}.Release|Any CPU.ActiveCfg = Release|Any CPU
		{A6BFB0A0-C721-4EE1-8841-4D4689ABA874}.Release|Any CPU.Build.0 = Release|Any CPU
	EndGlobalSection
	GlobalSection(SolutionProperties) = preSolution
		HideSolutionNode = FALSE
	EndGlobalSection
	GlobalSection(ExtensibilityGlobals) = postSolution
		SolutionGuid = {2C0F4CCD-A314-44CF-B127-FD702540B475}
	EndGlobalSection
EndGlobal
